
Microsoft Visual Studio Solution File, Format Version 12.00
# Visual Studio Version 17
VisualStudioVersion = 17.4.33213.308
MinimumVisualStudioVersion = 10.0.40219.1
Project("{FAE04EC0-301F-11D3-BF4B-00C04F79EFBC}") = "proyecto001", "proyecto001\proyecto001.csproj", "{50C2342E-BDD7-412D-ABE5-1BFC22618E13}"
EndProject
Global
	GlobalSection(SolutionConfigurationPlatforms) = preSolution
		Debug|Any CPU = Debug|Any CPU
		Release|Any CPU = Release|Any CPU
	EndGlobalSection
	GlobalSection(ProjectConfigurationPlatforms) = postSolution
		{50C2342E-BDD7-412D-ABE5-1BFC22618E13}.Debug|Any CPU.ActiveCfg = Debug|Any CPU
		{50C2342E-BDD7-412D-ABE5-1BFC22618E13}.Debug|Any CPU.Build.0 = Debug|Any CPU
		{50C2342E-BDD7-412D-ABE5-1BFC22618E13}.Release|Any CPU.ActiveCfg = Release|Any CPU
		{50C2342E-BDD7-412D-ABE5-1BFC22618E13}.Release|Any CPU.Build.0 = Release|Any CPU
	EndGlobalSection
	GlobalSection(SolutionProperties) = preSolution
		HideSolutionNode = FALSE
	EndGlobalSection
	GlobalSection(ExtensibilityGlobals) = postSolution
		SolutionGuid = {BA2B1374-CDAE-48F0-B8A3-AA85A6570F5D}
	EndGlobalSection
EndGlobal
